// !$*UTF8*$!
{
	archiveVersion = 1;
	classes = {
	};
	objectVersion = 55;
	objects = {

/* Begin PBXBuildFile section */
		841C8693295B54BF003C506B /* MainMenu.swift in Sources */ = {isa = PBXBuildFile; fileRef = 841C8692295B54BF003C506B /* MainMenu.swift */; };
		84409CD02932C98900486A22 /* AppDelegate.swift in Sources */ = {isa = PBXBuildFile; fileRef = 84409CCF2932C98900486A22 /* AppDelegate.swift */; };
		84409CD22932C98900486A22 /* SceneDelegate.swift in Sources */ = {isa = PBXBuildFile; fileRef = 84409CD12932C98900486A22 /* SceneDelegate.swift */; };
		84409CD42932C98900486A22 /* ViewController.swift in Sources */ = {isa = PBXBuildFile; fileRef = 84409CD32932C98900486A22 /* ViewController.swift */; };
		84409CD72932C98900486A22 /* Main.storyboard in Resources */ = {isa = PBXBuildFile; fileRef = 84409CD52932C98900486A22 /* Main.storyboard */; };
		84409CD92932C98B00486A22 /* Assets.xcassets in Resources */ = {isa = PBXBuildFile; fileRef = 84409CD82932C98B00486A22 /* Assets.xcassets */; };
		84409CDC2932C98B00486A22 /* LaunchScreen.storyboard in Resources */ = {isa = PBXBuildFile; fileRef = 84409CDA2932C98B00486A22 /* LaunchScreen.storyboard */; };
		84409CE52932EB0600486A22 /* MenuScreenViewController.swift in Sources */ = {isa = PBXBuildFile; fileRef = 84409CE42932EB0600486A22 /* MenuScreenViewController.swift */; };
		8462DF1A2938349900B01EB8 /* SendDocumentsViewController.swift in Sources */ = {isa = PBXBuildFile; fileRef = 8462DF192938349900B01EB8 /* SendDocumentsViewController.swift */; };
		8462DF1C293834BD00B01EB8 /* DisplayDocumentsViewController.swift in Sources */ = {isa = PBXBuildFile; fileRef = 8462DF1B293834BD00B01EB8 /* DisplayDocumentsViewController.swift */; };
		8462DF1E293834DC00B01EB8 /* LocateOfficesViewController.swift in Sources */ = {isa = PBXBuildFile; fileRef = 8462DF1D293834DC00B01EB8 /* LocateOfficesViewController.swift */; };
		84BF15B729385A3B001FE995 /* NetworkingProvider.swift in Sources */ = {isa = PBXBuildFile; fileRef = 84BF15B629385A3B001FE995 /* NetworkingProvider.swift */; };
		84BF15BE2938614B001FE995 /* User.swift in Sources */ = {isa = PBXBuildFile; fileRef = 84BF15BD2938614B001FE995 /* User.swift */; };
		84BF15C2293D206B001FE995 /* UserDefaults+Extensions.swift in Sources */ = {isa = PBXBuildFile; fileRef = 84BF15C1293D206B001FE995 /* UserDefaults+Extensions.swift */; };
		CF4119F70439B352EE33BAA7 /* Pods_RetoSP.framework in Frameworks */ = {isa = PBXBuildFile; fileRef = 3CEA955E329A0E3DD238C2A0 /* Pods_RetoSP.framework */; };
/* End PBXBuildFile section */

/* Begin PBXFileReference section */
		3CEA955E329A0E3DD238C2A0 /* Pods_RetoSP.framework */ = {isa = PBXFileReference; explicitFileType = wrapper.framework; includeInIndex = 0; path = Pods_RetoSP.framework; sourceTree = BUILT_PRODUCTS_DIR; };
		6AA877331B4AEBF69065D4B8 /* Pods-RetoSP.release.xcconfig */ = {isa = PBXFileReference; includeInIndex = 1; lastKnownFileType = text.xcconfig; name = "Pods-RetoSP.release.xcconfig"; path = "Target Support Files/Pods-RetoSP/Pods-RetoSP.release.xcconfig"; sourceTree = "<group>"; };
		841C8692295B54BF003C506B /* MainMenu.swift */ = {isa = PBXFileReference; lastKnownFileType = sourcecode.swift; path = MainMenu.swift; sourceTree = "<group>"; };
		84409CCC2932C98900486A22 /* RetoSP.app */ = {isa = PBXFileReference; explicitFileType = wrapper.application; includeInIndex = 0; path = RetoSP.app; sourceTree = BUILT_PRODUCTS_DIR; };
		84409CCF2932C98900486A22 /* AppDelegate.swift */ = {isa = PBXFileReference; lastKnownFileType = sourcecode.swift; path = AppDelegate.swift; sourceTree = "<group>"; };
		84409CD12932C98900486A22 /* SceneDelegate.swift */ = {isa = PBXFileReference; lastKnownFileType = sourcecode.swift; path = SceneDelegate.swift; sourceTree = "<group>"; };
		84409CD32932C98900486A22 /* ViewController.swift */ = {isa = PBXFileReference; lastKnownFileType = sourcecode.swift; path = ViewController.swift; sourceTree = "<group>"; };
		84409CD62932C98900486A22 /* Base */ = {isa = PBXFileReference; lastKnownFileType = file.storyboard; name = Base; path = Base.lproj/Main.storyboard; sourceTree = "<group>"; };
		84409CD82932C98B00486A22 /* Assets.xcassets */ = {isa = PBXFileReference; lastKnownFileType = folder.assetcatalog; path = Assets.xcassets; sourceTree = "<group>"; };
		84409CDB2932C98B00486A22 /* Base */ = {isa = PBXFileReference; lastKnownFileType = file.storyboard; name = Base; path = Base.lproj/LaunchScreen.storyboard; sourceTree = "<group>"; };
		84409CDD2932C98B00486A22 /* Info.plist */ = {isa = PBXFileReference; lastKnownFileType = text.plist.xml; path = Info.plist; sourceTree = "<group>"; };
		84409CE42932EB0600486A22 /* MenuScreenViewController.swift */ = {isa = PBXFileReference; lastKnownFileType = sourcecode.swift; path = MenuScreenViewController.swift; sourceTree = "<group>"; };
		8462DF192938349900B01EB8 /* SendDocumentsViewController.swift */ = {isa = PBXFileReference; lastKnownFileType = sourcecode.swift; path = SendDocumentsViewController.swift; sourceTree = "<group>"; };
		8462DF1B293834BD00B01EB8 /* DisplayDocumentsViewController.swift */ = {isa = PBXFileReference; lastKnownFileType = sourcecode.swift; path = DisplayDocumentsViewController.swift; sourceTree = "<group>"; };
		8462DF1D293834DC00B01EB8 /* LocateOfficesViewController.swift */ = {isa = PBXFileReference; lastKnownFileType = sourcecode.swift; path = LocateOfficesViewController.swift; sourceTree = "<group>"; };
		84BF15B629385A3B001FE995 /* NetworkingProvider.swift */ = {isa = PBXFileReference; lastKnownFileType = sourcecode.swift; path = NetworkingProvider.swift; sourceTree = "<group>"; };
		84BF15BD2938614B001FE995 /* User.swift */ = {isa = PBXFileReference; lastKnownFileType = sourcecode.swift; path = User.swift; sourceTree = "<group>"; };
		84BF15C1293D206B001FE995 /* UserDefaults+Extensions.swift */ = {isa = PBXFileReference; lastKnownFileType = sourcecode.swift; path = "UserDefaults+Extensions.swift"; sourceTree = "<group>"; };
		DD7560EA7DB5CFF56BC42BC0 /* Pods-RetoSP.debug.xcconfig */ = {isa = PBXFileReference; includeInIndex = 1; lastKnownFileType = text.xcconfig; name = "Pods-RetoSP.debug.xcconfig"; path = "Target Support Files/Pods-RetoSP/Pods-RetoSP.debug.xcconfig"; sourceTree = "<group>"; };
/* End PBXFileReference section */

/* Begin PBXFrameworksBuildPhase section */
		84409CC92932C98900486A22 /* Frameworks */ = {
			isa = PBXFrameworksBuildPhase;
			buildActionMask = 2147483647;
			files = (
				CF4119F70439B352EE33BAA7 /* Pods_RetoSP.framework in Frameworks */,
			);
			runOnlyForDeploymentPostprocessing = 0;
		};
/* End PBXFrameworksBuildPhase section */

/* Begin PBXGroup section */
		6BF01B127E070086E9C2DE3A /* Pods */ = {
			isa = PBXGroup;
			children = (
				DD7560EA7DB5CFF56BC42BC0 /* Pods-RetoSP.debug.xcconfig */,
				6AA877331B4AEBF69065D4B8 /* Pods-RetoSP.release.xcconfig */,
			);
			path = Pods;
			sourceTree = "<group>";
		};
		84409CC32932C98900486A22 = {
			isa = PBXGroup;
			children = (
				84409CCE2932C98900486A22 /* RetoSP */,
				84409CCD2932C98900486A22 /* Products */,
				6BF01B127E070086E9C2DE3A /* Pods */,
				CBF93735CFA196C90C461A3A /* Frameworks */,
			);
			sourceTree = "<group>";
		};
		84409CCD2932C98900486A22 /* Products */ = {
			isa = PBXGroup;
			children = (
				84409CCC2932C98900486A22 /* RetoSP.app */,
			);
			name = Products;
			sourceTree = "<group>";
		};
		84409CCE2932C98900486A22 /* RetoSP */ = {
			isa = PBXGroup;
			children = (
				84BF15BF293D2047001FE995 /* Utils */,
				84409CE32932EA6B00486A22 /* ViewControlers */,
				84409CCF2932C98900486A22 /* AppDelegate.swift */,
				84409CD12932C98900486A22 /* SceneDelegate.swift */,
				84409CD52932C98900486A22 /* Main.storyboard */,
				84409CD82932C98B00486A22 /* Assets.xcassets */,
				84409CDA2932C98B00486A22 /* LaunchScreen.storyboard */,
				84409CDD2932C98B00486A22 /* Info.plist */,
				84BF15BB293860AA001FE995 /* Network */,
			);
			path = RetoSP;
			sourceTree = "<group>";
		};
		84409CE32932EA6B00486A22 /* ViewControlers */ = {
			isa = PBXGroup;
			children = (
				84409CD32932C98900486A22 /* ViewController.swift */,
				84409CE42932EB0600486A22 /* MenuScreenViewController.swift */,
				8462DF192938349900B01EB8 /* SendDocumentsViewController.swift */,
				8462DF1B293834BD00B01EB8 /* DisplayDocumentsViewController.swift */,
				8462DF1D293834DC00B01EB8 /* LocateOfficesViewController.swift */,
			);
			path = ViewControlers;
			sourceTree = "<group>";
		};
		84BF15BB293860AA001FE995 /* Network */ = {
			isa = PBXGroup;
			children = (
				84BF15BC293860F8001FE995 /* Data */,
				84BF15B629385A3B001FE995 /* NetworkingProvider.swift */,
			);
			path = Network;
			sourceTree = "<group>";
		};
		84BF15BC293860F8001FE995 /* Data */ = {
			isa = PBXGroup;
			children = (
				84BF15BD2938614B001FE995 /* User.swift */,
			);
			path = Data;
			sourceTree = "<group>";
		};
		84BF15BF293D2047001FE995 /* Utils */ = {
			isa = PBXGroup;
			children = (
				84BF15C0293D204F001FE995 /* Extensions */,
				841C8692295B54BF003C506B /* MainMenu.swift */,
			);
			path = Utils;
			sourceTree = "<group>";
		};
		84BF15C0293D204F001FE995 /* Extensions */ = {
			isa = PBXGroup;
			children = (
				84BF15C1293D206B001FE995 /* UserDefaults+Extensions.swift */,
			);
			path = Extensions;
			sourceTree = "<group>";
		};
		CBF93735CFA196C90C461A3A /* Frameworks */ = {
			isa = PBXGroup;
			children = (
				3CEA955E329A0E3DD238C2A0 /* Pods_RetoSP.framework */,
			);
			name = Frameworks;
			sourceTree = "<group>";
		};
/* End PBXGroup section */

/* Begin PBXNativeTarget section */
		84409CCB2932C98900486A22 /* RetoSP */ = {
			isa = PBXNativeTarget;
			buildConfigurationList = 84409CE02932C98B00486A22 /* Build configuration list for PBXNativeTarget "RetoSP" */;
			buildPhases = (
				6B806899118B00BC6501555C /* [CP] Check Pods Manifest.lock */,
				84409CC82932C98900486A22 /* Sources */,
				84409CC92932C98900486A22 /* Frameworks */,
				84409CCA2932C98900486A22 /* Resources */,
				9BD925E707B752E7E9173BAE /* [CP] Embed Pods Frameworks */,
			);
			buildRules = (
			);
			dependencies = (
			);
			name = RetoSP;
			productName = RetoSP;
			productReference = 84409CCC2932C98900486A22 /* RetoSP.app */;
			productType = "com.apple.product-type.application";
		};
/* End PBXNativeTarget section */

/* Begin PBXProject section */
		84409CC42932C98900486A22 /* Project object */ = {
			isa = PBXProject;
			attributes = {
				BuildIndependentTargetsInParallel = 1;
				LastSwiftUpdateCheck = 1410;
				LastUpgradeCheck = 1410;
				TargetAttributes = {
					84409CCB2932C98900486A22 = {
						CreatedOnToolsVersion = 14.1;
					};
				};
			};
			buildConfigurationList = 84409CC72932C98900486A22 /* Build configuration list for PBXProject "RetoSP" */;
			compatibilityVersion = "Xcode 13.0";
			developmentRegion = en;
			hasScannedForEncodings = 0;
			knownRegions = (
				en,
				Base,
			);
			mainGroup = 84409CC32932C98900486A22;
			productRefGroup = 84409CCD2932C98900486A22 /* Products */;
			projectDirPath = "";
			projectRoot = "";
			targets = (
				84409CCB2932C98900486A22 /* RetoSP */,
			);
		};
/* End PBXProject section */

/* Begin PBXResourcesBuildPhase section */
		84409CCA2932C98900486A22 /* Resources */ = {
			isa = PBXResourcesBuildPhase;
			buildActionMask = 2147483647;
			files = (
				84409CDC2932C98B00486A22 /* LaunchScreen.storyboard in Resources */,
				84409CD92932C98B00486A22 /* Assets.xcassets in Resources */,
				84409CD72932C98900486A22 /* Main.storyboard in Resources */,
			);
			runOnlyForDeploymentPostprocessing = 0;
		};
/* End PBXResourcesBuildPhase section */

/* Begin PBXShellScriptBuildPhase section */
		6B806899118B00BC6501555C /* [CP] Check Pods Manifest.lock */ = {
			isa = PBXShellScriptBuildPhase;
			buildActionMask = 2147483647;
			files = (
			);
			inputFileListPaths = (
			);
			inputPaths = (
				"${PODS_PODFILE_DIR_PATH}/Podfile.lock",
				"${PODS_ROOT}/Manifest.lock",
			);
			name = "[CP] Check Pods Manifest.lock";
			outputFileListPaths = (
			);
			outputPaths = (
				"$(DERIVED_FILE_DIR)/Pods-RetoSP-checkManifestLockResult.txt",
			);
			runOnlyForDeploymentPostprocessing = 0;
			shellPath = /bin/sh;
			shellScript = "diff \"${PODS_PODFILE_DIR_PATH}/Podfile.lock\" \"${PODS_ROOT}/Manifest.lock\" > /dev/null\nif [ $? != 0 ] ; then\n    # print error to STDERR\n    echo \"error: The sandbox is not in sync with the Podfile.lock. Run 'pod install' or update your CocoaPods installation.\" >&2\n    exit 1\nfi\n# This output is used by Xcode 'outputs' to avoid re-running this script phase.\necho \"SUCCESS\" > \"${SCRIPT_OUTPUT_FILE_0}\"\n";
			showEnvVarsInLog = 0;
		};
		9BD925E707B752E7E9173BAE /* [CP] Embed Pods Frameworks */ = {
			isa = PBXShellScriptBuildPhase;
			buildActionMask = 2147483647;
			files = (
			);
			inputFileListPaths = (
				"${PODS_ROOT}/Target Support Files/Pods-RetoSP/Pods-RetoSP-frameworks-${CONFIGURATION}-input-files.xcfilelist",
			);
			name = "[CP] Embed Pods Frameworks";
			outputFileListPaths = (
				"${PODS_ROOT}/Target Support Files/Pods-RetoSP/Pods-RetoSP-frameworks-${CONFIGURATION}-output-files.xcfilelist",
			);
			runOnlyForDeploymentPostprocessing = 0;
			shellPath = /bin/sh;
			shellScript = "\"${PODS_ROOT}/Target Support Files/Pods-RetoSP/Pods-RetoSP-frameworks.sh\"\n";
			showEnvVarsInLog = 0;
		};
/* End PBXShellScriptBuildPhase section */

/* Begin PBXSourcesBuildPhase section */
		84409CC82932C98900486A22 /* Sources */ = {
			isa = PBXSourcesBuildPhase;
			buildActionMask = 2147483647;
			files = (
				841C8693295B54BF003C506B /* MainMenu.swift in Sources */,
				8462DF1E293834DC00B01EB8 /* LocateOfficesViewController.swift in Sources */,
				84409CD42932C98900486A22 /* ViewController.swift in Sources */,
				8462DF1C293834BD00B01EB8 /* DisplayDocumentsViewController.swift in Sources */,
				84BF15B729385A3B001FE995 /* NetworkingProvider.swift in Sources */,
				84409CE52932EB0600486A22 /* MenuScreenViewController.swift in Sources */,
				84BF15BE2938614B001FE995 /* User.swift in Sources */,
				84409CD02932C98900486A22 /* AppDelegate.swift in Sources */,
				8462DF1A2938349900B01EB8 /* SendDocumentsViewController.swift in Sources */,
				84BF15C2293D206B001FE995 /* UserDefaults+Extensions.swift in Sources */,
				84409CD22932C98900486A22 /* SceneDelegate.swift in Sources */,
			);
			runOnlyForDeploymentPostprocessing = 0;
		};
/* End PBXSourcesBuildPhase section */

/* Begin PBXVariantGroup section */
		84409CD52932C98900486A22 /* Main.storyboard */ = {
			isa = PBXVariantGroup;
			children = (
				84409CD62932C98900486A22 /* Base */,
			);
			name = Main.storyboard;
			sourceTree = "<group>";
		};
		84409CDA2932C98B00486A22 /* LaunchScreen.storyboard */ = {
			isa = PBXVariantGroup;
			children = (
				84409CDB2932C98B00486A22 /* Base */,
			);
			name = LaunchScreen.storyboard;
			sourceTree = "<group>";
		};
/* End PBXVariantGroup section */

/* Begin XCBuildConfiguration section */
		84409CDE2932C98B00486A22 /* Debug */ = {
			isa = XCBuildConfiguration;
			buildSettings = {
				ALWAYS_SEARCH_USER_PATHS = NO;
				CLANG_ANALYZER_NONNULL = YES;
				CLANG_ANALYZER_NUMBER_OBJECT_CONVERSION = YES_AGGRESSIVE;
				CLANG_CXX_LANGUAGE_STANDARD = "gnu++20";
				CLANG_ENABLE_MODULES = YES;
				CLANG_ENABLE_OBJC_ARC = YES;
				CLANG_ENABLE_OBJC_WEAK = YES;
				CLANG_WARN_BLOCK_CAPTURE_AUTORELEASING = YES;
				CLANG_WARN_BOOL_CONVERSION = YES;
				CLANG_WARN_COMMA = YES;
				CLANG_WARN_CONSTANT_CONVERSION = YES;
				CLANG_WARN_DEPRECATED_OBJC_IMPLEMENTATIONS = YES;
				CLANG_WARN_DIRECT_OBJC_ISA_USAGE = YES_ERROR;
				CLANG_WARN_DOCUMENTATION_COMMENTS = YES;
				CLANG_WARN_EMPTY_BODY = YES;
				CLANG_WARN_ENUM_CONVERSION = YES;
				CLANG_WARN_INFINITE_RECURSION = YES;
				CLANG_WARN_INT_CONVERSION = YES;
				CLANG_WARN_NON_LITERAL_NULL_CONVERSION = YES;
				CLANG_WARN_OBJC_IMPLICIT_RETAIN_SELF = YES;
				CLANG_WARN_OBJC_LITERAL_CONVERSION = YES;
				CLANG_WARN_OBJC_ROOT_CLASS = YES_ERROR;
				CLANG_WARN_QUOTED_INCLUDE_IN_FRAMEWORK_HEADER = YES;
				CLANG_WARN_RANGE_LOOP_ANALYSIS = YES;
				CLANG_WARN_STRICT_PROTOTYPES = YES;
				CLANG_WARN_SUSPICIOUS_MOVE = YES;
				CLANG_WARN_UNGUARDED_AVAILABILITY = YES_AGGRESSIVE;
				CLANG_WARN_UNREACHABLE_CODE = YES;
				CLANG_WARN__DUPLICATE_METHOD_MATCH = YES;
				COPY_PHASE_STRIP = NO;
				DEBUG_INFORMATION_FORMAT = dwarf;
				ENABLE_STRICT_OBJC_MSGSEND = YES;
				ENABLE_TESTABILITY = YES;
				GCC_C_LANGUAGE_STANDARD = gnu11;
				GCC_DYNAMIC_NO_PIC = NO;
				GCC_NO_COMMON_BLOCKS = YES;
				GCC_OPTIMIZATION_LEVEL = 0;
				GCC_PREPROCESSOR_DEFINITIONS = (
					"DEBUG=1",
					"$(inherited)",
				);
				GCC_WARN_64_TO_32_BIT_CONVERSION = YES;
				GCC_WARN_ABOUT_RETURN_TYPE = YES_ERROR;
				GCC_WARN_UNDECLARED_SELECTOR = YES;
				GCC_WARN_UNINITIALIZED_AUTOS = YES_AGGRESSIVE;
				GCC_WARN_UNUSED_FUNCTION = YES;
				GCC_WARN_UNUSED_VARIABLE = YES;
				IPHONEOS_DEPLOYMENT_TARGET = 13.0;
				MTL_ENABLE_DEBUG_INFO = INCLUDE_SOURCE;
				MTL_FAST_MATH = YES;
				ONLY_ACTIVE_ARCH = YES;
				SDKROOT = iphoneos;
				SWIFT_ACTIVE_COMPILATION_CONDITIONS = DEBUG;
				SWIFT_OPTIMIZATION_LEVEL = "-Onone";
			};
			name = Debug;
		};
		84409CDF2932C98B00486A22 /* Release */ = {
			isa = XCBuildConfiguration;
			buildSettings = {
				ALWAYS_SEARCH_USER_PATHS = NO;
				CLANG_ANALYZER_NONNULL = YES;
				CLANG_ANALYZER_NUMBER_OBJECT_CONVERSION = YES_AGGRESSIVE;
				CLANG_CXX_LANGUAGE_STANDARD = "gnu++20";
				CLANG_ENABLE_MODULES = YES;
				CLANG_ENABLE_OBJC_ARC = YES;
				CLANG_ENABLE_OBJC_WEAK = YES;
				CLANG_WARN_BLOCK_CAPTURE_AUTORELEASING = YES;
				CLANG_WARN_BOOL_CONVERSION = YES;
				CLANG_WARN_COMMA = YES;
				CLANG_WARN_CONSTANT_CONVERSION = YES;
				CLANG_WARN_DEPRECATED_OBJC_IMPLEMENTATIONS = YES;
				CLANG_WARN_DIRECT_OBJC_ISA_USAGE = YES_ERROR;
				CLANG_WARN_DOCUMENTATION_COMMENTS = YES;
				CLANG_WARN_EMPTY_BODY = YES;
				CLANG_WARN_ENUM_CONVERSION = YES;
				CLANG_WARN_INFINITE_RECURSION = YES;
				CLANG_WARN_INT_CONVERSION = YES;
				CLANG_WARN_NON_LITERAL_NULL_CONVERSION = YES;
				CLANG_WARN_OBJC_IMPLICIT_RETAIN_SELF = YES;
				CLANG_WARN_OBJC_LITERAL_CONVERSION = YES;
				CLANG_WARN_OBJC_ROOT_CLASS = YES_ERROR;
				CLANG_WARN_QUOTED_INCLUDE_IN_FRAMEWORK_HEADER = YES;
				CLANG_WARN_RANGE_LOOP_ANALYSIS = YES;
				CLANG_WARN_STRICT_PROTOTYPES = YES;
				CLANG_WARN_SUSPICIOUS_MOVE = YES;
				CLANG_WARN_UNGUARDED_AVAILABILITY = YES_AGGRESSIVE;
				CLANG_WARN_UNREACHABLE_CODE = YES;
				CLANG_WARN__DUPLICATE_METHOD_MATCH = YES;
				COPY_PHASE_STRIP = NO;
				DEBUG_INFORMATION_FORMAT = "dwarf-with-dsym";
				ENABLE_NS_ASSERTIONS = NO;
				ENABLE_STRICT_OBJC_MSGSEND = YES;
				GCC_C_LANGUAGE_STANDARD = gnu11;
				GCC_NO_COMMON_BLOCKS = YES;
				GCC_WARN_64_TO_32_BIT_CONVERSION = YES;
				GCC_WARN_ABOUT_RETURN_TYPE = YES_ERROR;
				GCC_WARN_UNDECLARED_SELECTOR = YES;
				GCC_WARN_UNINITIALIZED_AUTOS = YES_AGGRESSIVE;
				GCC_WARN_UNUSED_FUNCTION = YES;
				GCC_WARN_UNUSED_VARIABLE = YES;
				IPHONEOS_DEPLOYMENT_TARGET = 13.0;
				MTL_ENABLE_DEBUG_INFO = NO;
				MTL_FAST_MATH = YES;
				SDKROOT = iphoneos;
				SWIFT_COMPILATION_MODE = wholemodule;
				SWIFT_OPTIMIZATION_LEVEL = "-O";
				VALIDATE_PRODUCT = YES;
			};
			name = Release;
		};
		84409CE12932C98B00486A22 /* Debug */ = {
			isa = XCBuildConfiguration;
			baseConfigurationReference = DD7560EA7DB5CFF56BC42BC0 /* Pods-RetoSP.debug.xcconfig */;
			buildSettings = {
				ASSETCATALOG_COMPILER_APPICON_NAME = AppIcon;
				ASSETCATALOG_COMPILER_GLOBAL_ACCENT_COLOR_NAME = AccentColor;
				CODE_SIGN_STYLE = Automatic;
				CURRENT_PROJECT_VERSION = 1;
				DEVELOPMENT_TEAM = F3URL9A7MJ;
				GENERATE_INFOPLIST_FILE = YES;
				INFOPLIST_FILE = RetoSP/Info.plist;
				INFOPLIST_KEY_UIApplicationSupportsIndirectInputEvents = YES;
				INFOPLIST_KEY_UILaunchStoryboardName = Main.storyboard;
				INFOPLIST_KEY_UIMainStoryboardFile = Main;
				INFOPLIST_KEY_UIStatusBarStyle = "";
				INFOPLIST_KEY_UISupportedInterfaceOrientations = UIInterfaceOrientationPortrait;
				IPHONEOS_DEPLOYMENT_TARGET = 15.0;
				LD_RUNPATH_SEARCH_PATHS = (
					"$(inherited)",
					"@executable_path/Frameworks",
				);
				MARKETING_VERSION = 1.0;
				PRODUCT_BUNDLE_IDENTIFIER = com.gustavogonzalez.RetoSP;
				PRODUCT_NAME = "$(TARGET_NAME)";
				SWIFT_EMIT_LOC_STRINGS = YES;
				SWIFT_VERSION = 5.0;
				TARGETED_DEVICE_FAMILY = "1,2";
			};
			name = Debug;
		};
		84409CE22932C98B00486A22 /* Release */ = {
			isa = XCBuildConfiguration;
			baseConfigurationReference = 6AA877331B4AEBF69065D4B8 /* Pods-RetoSP.release.xcconfig */;
			buildSettings = {
				ASSETCATALOG_COMPILER_APPICON_NAME = AppIcon;
				ASSETCATALOG_COMPILER_GLOBAL_ACCENT_COLOR_NAME = AccentColor;
				CODE_SIGN_STYLE = Automatic;
				CURRENT_PROJECT_VERSION = 1;
				DEVELOPMENT_TEAM = F3URL9A7MJ;
				GENERATE_INFOPLIST_FILE = YES;
				INFOPLIST_FILE = RetoSP/Info.plist;
				INFOPLIST_KEY_UIApplicationSupportsIndirectInputEvents = YES;
				INFOPLIST_KEY_UILaunchStoryboardName = Main.storyboard;
				INFOPLIST_KEY_UIMainStoryboardFile = Main;
				INFOPLIST_KEY_UIStatusBarStyle = "";
				INFOPLIST_KEY_UISupportedInterfaceOrientations = UIInterfaceOrientationPortrait;
				IPHONEOS_DEPLOYMENT_TARGET = 15.0;
				LD_RUNPATH_SEARCH_PATHS = (
					"$(inherited)",
					"@executable_path/Frameworks",
				);
				MARKETING_VERSION = 1.0;
				PRODUCT_BUNDLE_IDENTIFIER = com.gustavogonzalez.RetoSP;
				PRODUCT_NAME = "$(TARGET_NAME)";
				SWIFT_EMIT_LOC_STRINGS = YES;
				SWIFT_VERSION = 5.0;
				TARGETED_DEVICE_FAMILY = "1,2";
			};
			name = Release;
		};
/* End XCBuildConfiguration section */

/* Begin XCConfigurationList section */
		84409CC72932C98900486A22 /* Build configuration list for PBXProject "RetoSP" */ = {
			isa = XCConfigurationList;
			buildConfigurations = (
				84409CDE2932C98B00486A22 /* Debug */,
				84409CDF2932C98B00486A22 /* Release */,
			);
			defaultConfigurationIsVisible = 0;
			defaultConfigurationName = Release;
		};
		84409CE02932C98B00486A22 /* Build configuration list for PBXNativeTarget "RetoSP" */ = {
			isa = XCConfigurationList;
			buildConfigurations = (
				84409CE12932C98B00486A22 /* Debug */,
				84409CE22932C98B00486A22 /* Release */,
			);
			defaultConfigurationIsVisible = 0;
			defaultConfigurationName = Release;
		};
/* End XCConfigurationList section */
	};
	rootObject = 84409CC42932C98900486A22 /* Project object */;
}
